// !$*UTF8*$!
{
	archiveVersion = 1;
	classes = {
	};
	objectVersion = 52;
	objects = {

/* Begin PBXBuildFile section */
		B4240F122404D3D60001EE6D /* CountryList.swift in Sources */ = {isa = PBXBuildFile; fileRef = B4240F112404D3D60001EE6D /* CountryList.swift */; };
		B4C4722F23E0B60F004834CF /* HomeView.swift in Sources */ = {isa = PBXBuildFile; fileRef = B4C4722E23E0B60F004834CF /* HomeView.swift */; };
		B4C4723423E13642004834CF /* Country.swift in Sources */ = {isa = PBXBuildFile; fileRef = B4C4723323E13642004834CF /* Country.swift */; };
		B4C4723723E138C1004834CF /* Countries.swift in Sources */ = {isa = PBXBuildFile; fileRef = B4C4723623E138C1004834CF /* Countries.swift */; };
		B4C4723B23EC6077004834CF /* Exceptions.swift in Sources */ = {isa = PBXBuildFile; fileRef = B4C4723A23EC6077004834CF /* Exceptions.swift */; };
		B4C4723D23EC6665004834CF /* APIController.swift in Sources */ = {isa = PBXBuildFile; fileRef = B4C4723C23EC6665004834CF /* APIController.swift */; };
		B4C4723F23F0B3BC004834CF /* Converter.swift in Sources */ = {isa = PBXBuildFile; fileRef = B4C4723E23F0B3BC004834CF /* Converter.swift */; };
		B4E40BD52418880800593366 /* FavoriteConversion.swift in Sources */ = {isa = PBXBuildFile; fileRef = B4E40BD42418880800593366 /* FavoriteConversion.swift */; };
		B4E40BD724188A8C00593366 /* FavoriteConversions.swift in Sources */ = {isa = PBXBuildFile; fileRef = B4E40BD624188A8C00593366 /* FavoriteConversions.swift */; };
		C50B13F82410D004000FD607 /* GraphCapsule.swift in Sources */ = {isa = PBXBuildFile; fileRef = C50B13F72410D004000FD607 /* GraphCapsule.swift */; };
		C50B13FA2410D0A4000FD607 /* HistoryGraph.swift in Sources */ = {isa = PBXBuildFile; fileRef = C50B13F92410D0A4000FD607 /* HistoryGraph.swift */; };
		C50B13FC2410D0EA000FD607 /* History.swift in Sources */ = {isa = PBXBuildFile; fileRef = C50B13FB2410D0EA000FD607 /* History.swift */; };
		C50B13FE2410D2BA000FD607 /* FileLoader.swift in Sources */ = {isa = PBXBuildFile; fileRef = C50B13FD2410D2BA000FD607 /* FileLoader.swift */; };
		C50B14012410D37E000FD607 /* historyData.json in Resources */ = {isa = PBXBuildFile; fileRef = C50B14002410D37E000FD607 /* historyData.json */; };
		C50B14032410DCB3000FD607 /* HistoryDetails.swift in Sources */ = {isa = PBXBuildFile; fileRef = C50B14022410DCB3000FD607 /* HistoryDetails.swift */; };
		C50B14052410DE83000FD607 /* HistoryView.swift in Sources */ = {isa = PBXBuildFile; fileRef = C50B14042410DE83000FD607 /* HistoryView.swift */; };
		C519754F2404DB9F00B88635 /* Logger.swift in Sources */ = {isa = PBXBuildFile; fileRef = C519754E2404DB9F00B88635 /* Logger.swift */; };
		C51975522404DD3C00B88635 /* TextManager.swift in Sources */ = {isa = PBXBuildFile; fileRef = C51975512404DD3C00B88635 /* TextManager.swift */; };
		C51975542404DF5B00B88635 /* Constant.swift in Sources */ = {isa = PBXBuildFile; fileRef = C51975532404DF5B00B88635 /* Constant.swift */; };
		C51975572404E3E500B88635 /* UserRepoManager.swift in Sources */ = {isa = PBXBuildFile; fileRef = C51975562404E3E500B88635 /* UserRepoManager.swift */; };
		C53C7C4523F0E8A900E0EA4F /* DatabaseManager.swift in Sources */ = {isa = PBXBuildFile; fileRef = C53C7C4423F0E8A800E0EA4F /* DatabaseManager.swift */; };
		C58A36AE23D6C2E900DB155A /* AppDelegate.swift in Sources */ = {isa = PBXBuildFile; fileRef = C58A36AD23D6C2E900DB155A /* AppDelegate.swift */; };
		C58A36B023D6C2E900DB155A /* SceneDelegate.swift in Sources */ = {isa = PBXBuildFile; fileRef = C58A36AF23D6C2E900DB155A /* SceneDelegate.swift */; };
		C58A36B223D6C2E900DB155A /* ContentView.swift in Sources */ = {isa = PBXBuildFile; fileRef = C58A36B123D6C2E900DB155A /* ContentView.swift */; };
		C58A36B423D6C2F000DB155A /* Assets.xcassets in Resources */ = {isa = PBXBuildFile; fileRef = C58A36B323D6C2F000DB155A /* Assets.xcassets */; };
		C58A36B723D6C2F000DB155A /* Preview Assets.xcassets in Resources */ = {isa = PBXBuildFile; fileRef = C58A36B623D6C2F000DB155A /* Preview Assets.xcassets */; };
		C58A36BA23D6C2F000DB155A /* LaunchScreen.storyboard in Resources */ = {isa = PBXBuildFile; fileRef = C58A36B823D6C2F000DB155A /* LaunchScreen.storyboard */; };
		C59F468123DEAB6E00F631C3 /* FavoriteView.swift in Sources */ = {isa = PBXBuildFile; fileRef = C59F468023DEAB6E00F631C3 /* FavoriteView.swift */; };
		C59F468823E13BC600F631C3 /* GoogleService-Info.plist in Resources */ = {isa = PBXBuildFile; fileRef = C59F468723E13BC500F631C3 /* GoogleService-Info.plist */; };
		C5AADDD72406EB5F0077D669 /* EnvStateStore.swift in Sources */ = {isa = PBXBuildFile; fileRef = C5AADDD62406EB5F0077D669 /* EnvStateStore.swift */; };
		C5AADDDA2406F7400077D669 /* Settings.swift in Sources */ = {isa = PBXBuildFile; fileRef = C5AADDD92406F7400077D669 /* Settings.swift */; };
		C5AADDDD2406F7730077D669 /* AlertsView.swift in Sources */ = {isa = PBXBuildFile; fileRef = C5AADDDC2406F7730077D669 /* AlertsView.swift */; };
		C5AADDE624071B650077D669 /* UserProfile.swift in Sources */ = {isa = PBXBuildFile; fileRef = C5AADDE524071B650077D669 /* UserProfile.swift */; };
		C5AADDEB240747530077D669 /* LoginView.swift in Sources */ = {isa = PBXBuildFile; fileRef = C5AADDE9240747530077D669 /* LoginView.swift */; };
		C5AADDEC240747530077D669 /* FUIAuthBaseViewControllerWrapper.swift in Sources */ = {isa = PBXBuildFile; fileRef = C5AADDEA240747530077D669 /* FUIAuthBaseViewControllerWrapper.swift */; };
		C5D3D4F3240B651300AAF402 /* DatabaseManager.swift in Resources */ = {isa = PBXBuildFile; fileRef = C53C7C4423F0E8A800E0EA4F /* DatabaseManager.swift */; };
		C5D3D4F4240B651300AAF402 /* PartialSheet in Frameworks */ = {isa = PBXBuildFile; productRef = CA05BDAD23F0CF6C000E6A39 /* PartialSheet */; };
		C5FF8F46240E13B600C402E6 /* CardView.swift in Sources */ = {isa = PBXBuildFile; fileRef = C5FF8F45240E13B600C402E6 /* CardView.swift */; };
		C5FF8F48240EBB1400C402E6 /* AlertCardView.swift in Sources */ = {isa = PBXBuildFile; fileRef = C5FF8F47240EBB1300C402E6 /* AlertCardView.swift */; };
		C5FF8F4A240EE1FC00C402E6 /* EditableCardView.swift in Sources */ = {isa = PBXBuildFile; fileRef = C5FF8F49240EE1FC00C402E6 /* EditableCardView.swift */; };
		CA2AEEC7243960650083A368 /* CountryPickerView.swift in Sources */ = {isa = PBXBuildFile; fileRef = CA2AEEC6243960650083A368 /* CountryPickerView.swift */; };
		CA3B2A39242D90BF00CCDD3A /* MyAlerts.swift in Sources */ = {isa = PBXBuildFile; fileRef = CA3B2A38242D90BF00CCDD3A /* MyAlerts.swift */; };
		CA3B2A3B242D90D600CCDD3A /* MyAlert.swift in Sources */ = {isa = PBXBuildFile; fileRef = CA3B2A3A242D90D600CCDD3A /* MyAlert.swift */; };
		CAB49F67240DACD4008ED8C6 /* SettingsMain.swift in Sources */ = {isa = PBXBuildFile; fileRef = CAB49F66240DACD4008ED8C6 /* SettingsMain.swift */; };
		CAB49F6A240DC34A008ED8C6 /* URLImage in Frameworks */ = {isa = PBXBuildFile; productRef = CAB49F69240DC34A008ED8C6 /* URLImage */; };
		CAB49F6C240DDA0D008ED8C6 /* AboutView.swift in Sources */ = {isa = PBXBuildFile; fileRef = CAB49F6B240DDA0D008ED8C6 /* AboutView.swift */; };
		CAB49F6E240DDA2C008ED8C6 /* NotificationView.swift in Sources */ = {isa = PBXBuildFile; fileRef = CAB49F6D240DDA2C008ED8C6 /* NotificationView.swift */; };
		D5093B907A1AB4064084CAE6 /* Pods_Xchangerator.framework in Frameworks */ = {isa = PBXBuildFile; fileRef = AFDCFBB8823BAB512FFA40B2 /* Pods_Xchangerator.framework */; };
/* End PBXBuildFile section */

/* Begin PBXFileReference section */
		05B2BEA67E05BE57FB4BE955 /* Pods-Xchangerator.debug.xcconfig */ = {isa = PBXFileReference; includeInIndex = 1; lastKnownFileType = text.xcconfig; name = "Pods-Xchangerator.debug.xcconfig"; path = "Target Support Files/Pods-Xchangerator/Pods-Xchangerator.debug.xcconfig"; sourceTree = "<group>"; };
		7C7B632A715C1AFC7F74E321 /* Pods_Xchangerator_XchangeratorUITests.framework */ = {isa = PBXFileReference; explicitFileType = wrapper.framework; includeInIndex = 0; path = Pods_Xchangerator_XchangeratorUITests.framework; sourceTree = BUILT_PRODUCTS_DIR; };
		82E49B2F1F4F8A909397848A /* Pods-Xchangerator-XchangeratorUITests.release.xcconfig */ = {isa = PBXFileReference; includeInIndex = 1; lastKnownFileType = text.xcconfig; name = "Pods-Xchangerator-XchangeratorUITests.release.xcconfig"; path = "Target Support Files/Pods-Xchangerator-XchangeratorUITests/Pods-Xchangerator-XchangeratorUITests.release.xcconfig"; sourceTree = "<group>"; };
		8ED0E1C46C872EACAF9C68D6 /* Pods-Xchangerator.release.xcconfig */ = {isa = PBXFileReference; includeInIndex = 1; lastKnownFileType = text.xcconfig; name = "Pods-Xchangerator.release.xcconfig"; path = "Target Support Files/Pods-Xchangerator/Pods-Xchangerator.release.xcconfig"; sourceTree = "<group>"; };
		99F43CA57EA737834036E8E8 /* Pods-Xchangerator-XchangeratorUITests.debug.xcconfig */ = {isa = PBXFileReference; includeInIndex = 1; lastKnownFileType = text.xcconfig; name = "Pods-Xchangerator-XchangeratorUITests.debug.xcconfig"; path = "Target Support Files/Pods-Xchangerator-XchangeratorUITests/Pods-Xchangerator-XchangeratorUITests.debug.xcconfig"; sourceTree = "<group>"; };
		AFDCFBB8823BAB512FFA40B2 /* Pods_Xchangerator.framework */ = {isa = PBXFileReference; explicitFileType = wrapper.framework; includeInIndex = 0; path = Pods_Xchangerator.framework; sourceTree = BUILT_PRODUCTS_DIR; };
		B4240F112404D3D60001EE6D /* CountryList.swift */ = {isa = PBXFileReference; lastKnownFileType = sourcecode.swift; path = CountryList.swift; sourceTree = "<group>"; };
		B4C4722E23E0B60F004834CF /* HomeView.swift */ = {isa = PBXFileReference; lastKnownFileType = sourcecode.swift; path = HomeView.swift; sourceTree = "<group>"; };
		B4C4723323E13642004834CF /* Country.swift */ = {isa = PBXFileReference; lastKnownFileType = sourcecode.swift; path = Country.swift; sourceTree = "<group>"; };
		B4C4723623E138C1004834CF /* Countries.swift */ = {isa = PBXFileReference; lastKnownFileType = sourcecode.swift; path = Countries.swift; sourceTree = "<group>"; };
		B4C4723A23EC6077004834CF /* Exceptions.swift */ = {isa = PBXFileReference; lastKnownFileType = sourcecode.swift; path = Exceptions.swift; sourceTree = "<group>"; };
		B4C4723C23EC6665004834CF /* APIController.swift */ = {isa = PBXFileReference; lastKnownFileType = sourcecode.swift; path = APIController.swift; sourceTree = "<group>"; };
		B4C4723E23F0B3BC004834CF /* Converter.swift */ = {isa = PBXFileReference; lastKnownFileType = sourcecode.swift; path = Converter.swift; sourceTree = "<group>"; };
		B4E40BD42418880800593366 /* FavoriteConversion.swift */ = {isa = PBXFileReference; lastKnownFileType = sourcecode.swift; path = FavoriteConversion.swift; sourceTree = "<group>"; };
		B4E40BD624188A8C00593366 /* FavoriteConversions.swift */ = {isa = PBXFileReference; lastKnownFileType = sourcecode.swift; path = FavoriteConversions.swift; sourceTree = "<group>"; };
		C50B13F72410D004000FD607 /* GraphCapsule.swift */ = {isa = PBXFileReference; lastKnownFileType = sourcecode.swift; path = GraphCapsule.swift; sourceTree = "<group>"; };
		C50B13F92410D0A4000FD607 /* HistoryGraph.swift */ = {isa = PBXFileReference; lastKnownFileType = sourcecode.swift; path = HistoryGraph.swift; sourceTree = "<group>"; };
		C50B13FB2410D0EA000FD607 /* History.swift */ = {isa = PBXFileReference; lastKnownFileType = sourcecode.swift; path = History.swift; sourceTree = "<group>"; };
		C50B13FD2410D2BA000FD607 /* FileLoader.swift */ = {isa = PBXFileReference; lastKnownFileType = sourcecode.swift; path = FileLoader.swift; sourceTree = "<group>"; };
		C50B14002410D37E000FD607 /* historyData.json */ = {isa = PBXFileReference; fileEncoding = 4; lastKnownFileType = text.json; path = historyData.json; sourceTree = "<group>"; };
		C50B14022410DCB3000FD607 /* HistoryDetails.swift */ = {isa = PBXFileReference; lastKnownFileType = sourcecode.swift; path = HistoryDetails.swift; sourceTree = "<group>"; };
		C50B14042410DE83000FD607 /* HistoryView.swift */ = {isa = PBXFileReference; lastKnownFileType = sourcecode.swift; path = HistoryView.swift; sourceTree = "<group>"; };
		C519754E2404DB9F00B88635 /* Logger.swift */ = {isa = PBXFileReference; lastKnownFileType = sourcecode.swift; path = Logger.swift; sourceTree = "<group>"; };
		C51975512404DD3C00B88635 /* TextManager.swift */ = {isa = PBXFileReference; lastKnownFileType = sourcecode.swift; path = TextManager.swift; sourceTree = "<group>"; };
		C51975532404DF5B00B88635 /* Constant.swift */ = {isa = PBXFileReference; lastKnownFileType = sourcecode.swift; path = Constant.swift; sourceTree = "<group>"; };
		C51975562404E3E500B88635 /* UserRepoManager.swift */ = {isa = PBXFileReference; lastKnownFileType = sourcecode.swift; path = UserRepoManager.swift; sourceTree = "<group>"; };
		C53C7C4423F0E8A800E0EA4F /* DatabaseManager.swift */ = {isa = PBXFileReference; lastKnownFileType = sourcecode.swift; path = DatabaseManager.swift; sourceTree = "<group>"; };
		C58A36AA23D6C2E900DB155A /* Xchangerator.app */ = {isa = PBXFileReference; explicitFileType = wrapper.application; includeInIndex = 0; path = Xchangerator.app; sourceTree = BUILT_PRODUCTS_DIR; };
		C58A36AD23D6C2E900DB155A /* AppDelegate.swift */ = {isa = PBXFileReference; lastKnownFileType = sourcecode.swift; path = AppDelegate.swift; sourceTree = "<group>"; };
		C58A36AF23D6C2E900DB155A /* SceneDelegate.swift */ = {isa = PBXFileReference; lastKnownFileType = sourcecode.swift; path = SceneDelegate.swift; sourceTree = "<group>"; };
		C58A36B123D6C2E900DB155A /* ContentView.swift */ = {isa = PBXFileReference; lastKnownFileType = sourcecode.swift; path = ContentView.swift; sourceTree = "<group>"; };
		C58A36B323D6C2F000DB155A /* Assets.xcassets */ = {isa = PBXFileReference; lastKnownFileType = folder.assetcatalog; path = Assets.xcassets; sourceTree = "<group>"; };
		C58A36B623D6C2F000DB155A /* Preview Assets.xcassets */ = {isa = PBXFileReference; lastKnownFileType = folder.assetcatalog; path = "Preview Assets.xcassets"; sourceTree = "<group>"; };
		C58A36B923D6C2F000DB155A /* Base */ = {isa = PBXFileReference; lastKnownFileType = file.storyboard; name = Base; path = Base.lproj/LaunchScreen.storyboard; sourceTree = "<group>"; };
		C58A36BB23D6C2F000DB155A /* Info.plist */ = {isa = PBXFileReference; lastKnownFileType = text.plist.xml; path = Info.plist; sourceTree = "<group>"; };
		C59F468023DEAB6E00F631C3 /* FavoriteView.swift */ = {isa = PBXFileReference; lastKnownFileType = sourcecode.swift; path = FavoriteView.swift; sourceTree = "<group>"; };
		C59F468423E12B2800F631C3 /* Xchangerator.entitlements */ = {isa = PBXFileReference; lastKnownFileType = text.plist.entitlements; path = Xchangerator.entitlements; sourceTree = "<group>"; };
		C59F468723E13BC500F631C3 /* GoogleService-Info.plist */ = {isa = PBXFileReference; fileEncoding = 4; lastKnownFileType = text.plist.xml; path = "GoogleService-Info.plist"; sourceTree = "<group>"; };
		C5AADDD62406EB5F0077D669 /* EnvStateStore.swift */ = {isa = PBXFileReference; lastKnownFileType = sourcecode.swift; path = EnvStateStore.swift; sourceTree = "<group>"; };
		C5AADDD92406F7400077D669 /* Settings.swift */ = {isa = PBXFileReference; lastKnownFileType = sourcecode.swift; path = Settings.swift; sourceTree = "<group>"; };
		C5AADDDC2406F7730077D669 /* AlertsView.swift */ = {isa = PBXFileReference; lastKnownFileType = sourcecode.swift; path = AlertsView.swift; sourceTree = "<group>"; };
		C5AADDE524071B650077D669 /* UserProfile.swift */ = {isa = PBXFileReference; lastKnownFileType = sourcecode.swift; path = UserProfile.swift; sourceTree = "<group>"; };
		C5AADDE9240747530077D669 /* LoginView.swift */ = {isa = PBXFileReference; fileEncoding = 4; lastKnownFileType = sourcecode.swift; path = LoginView.swift; sourceTree = "<group>"; };
		C5AADDEA240747530077D669 /* FUIAuthBaseViewControllerWrapper.swift */ = {isa = PBXFileReference; fileEncoding = 4; lastKnownFileType = sourcecode.swift; path = FUIAuthBaseViewControllerWrapper.swift; sourceTree = "<group>"; };
		C5FF8F45240E13B600C402E6 /* CardView.swift */ = {isa = PBXFileReference; lastKnownFileType = sourcecode.swift; path = CardView.swift; sourceTree = "<group>"; };
		C5FF8F47240EBB1300C402E6 /* AlertCardView.swift */ = {isa = PBXFileReference; lastKnownFileType = sourcecode.swift; path = AlertCardView.swift; sourceTree = "<group>"; };
		C5FF8F49240EE1FC00C402E6 /* EditableCardView.swift */ = {isa = PBXFileReference; lastKnownFileType = sourcecode.swift; path = EditableCardView.swift; sourceTree = "<group>"; };
		CA2AEEC6243960650083A368 /* CountryPickerView.swift */ = {isa = PBXFileReference; lastKnownFileType = sourcecode.swift; path = CountryPickerView.swift; sourceTree = "<group>"; };
		CA3B2A38242D90BF00CCDD3A /* MyAlerts.swift */ = {isa = PBXFileReference; lastKnownFileType = sourcecode.swift; path = MyAlerts.swift; sourceTree = "<group>"; };
		CA3B2A3A242D90D600CCDD3A /* MyAlert.swift */ = {isa = PBXFileReference; lastKnownFileType = sourcecode.swift; path = MyAlert.swift; sourceTree = "<group>"; };
		CAB49F66240DACD4008ED8C6 /* SettingsMain.swift */ = {isa = PBXFileReference; lastKnownFileType = sourcecode.swift; path = SettingsMain.swift; sourceTree = "<group>"; };
		CAB49F6B240DDA0D008ED8C6 /* AboutView.swift */ = {isa = PBXFileReference; lastKnownFileType = sourcecode.swift; path = AboutView.swift; sourceTree = "<group>"; };
		CAB49F6D240DDA2C008ED8C6 /* NotificationView.swift */ = {isa = PBXFileReference; lastKnownFileType = sourcecode.swift; path = NotificationView.swift; sourceTree = "<group>"; };
/* End PBXFileReference section */

/* Begin PBXFrameworksBuildPhase section */
		C58A36A723D6C2E900DB155A /* Frameworks */ = {
			isa = PBXFrameworksBuildPhase;
			buildActionMask = 2147483647;
			files = (
				C5D3D4F4240B651300AAF402 /* PartialSheet in Frameworks */,
				CAB49F6A240DC34A008ED8C6 /* URLImage in Frameworks */,
				D5093B907A1AB4064084CAE6 /* Pods_Xchangerator.framework in Frameworks */,
			);
			runOnlyForDeploymentPostprocessing = 0;
		};
/* End PBXFrameworksBuildPhase section */

/* Begin PBXGroup section */
		0D6A3C666517D25CF6CC6591 /* Pods */ = {
			isa = PBXGroup;
			children = (
				05B2BEA67E05BE57FB4BE955 /* Pods-Xchangerator.debug.xcconfig */,
				8ED0E1C46C872EACAF9C68D6 /* Pods-Xchangerator.release.xcconfig */,
				99F43CA57EA737834036E8E8 /* Pods-Xchangerator-XchangeratorUITests.debug.xcconfig */,
				82E49B2F1F4F8A909397848A /* Pods-Xchangerator-XchangeratorUITests.release.xcconfig */,
			);
			path = Pods;
			sourceTree = "<group>";
		};
		889D629E39822106BBDF02E8 /* Frameworks */ = {
			isa = PBXGroup;
			children = (
				AFDCFBB8823BAB512FFA40B2 /* Pods_Xchangerator.framework */,
				7C7B632A715C1AFC7F74E321 /* Pods_Xchangerator_XchangeratorUITests.framework */,
			);
			name = Frameworks;
			sourceTree = "<group>";
		};
		B4240F102404CC7D0001EE6D /* Recovered References */ = {
			isa = PBXGroup;
			children = (
				C59F468723E13BC500F631C3 /* GoogleService-Info.plist */,
			);
			name = "Recovered References";
			sourceTree = "<group>";
		};
		B4C4722D23E0B5F8004834CF /* Home */ = {
			isa = PBXGroup;
			children = (
				B4C4722E23E0B60F004834CF /* HomeView.swift */,
			);
			path = Home;
			sourceTree = "<group>";
		};
		B4C4723223E13631004834CF /* Model */ = {
			isa = PBXGroup;
			children = (
				B4C4723323E13642004834CF /* Country.swift */,
				C5AADDE524071B650077D669 /* UserProfile.swift */,
				B4240F112404D3D60001EE6D /* CountryList.swift */,
				C50B13FB2410D0EA000FD607 /* History.swift */,
				B4E40BD42418880800593366 /* FavoriteConversion.swift */,
				CA3B2A3A242D90D600CCDD3A /* MyAlert.swift */,
			);
			path = Model;
			sourceTree = "<group>";
		};
		B4C4723523E138B6004834CF /* DAO */ = {
			isa = PBXGroup;
			children = (
				B4C4723623E138C1004834CF /* Countries.swift */,
				B4E40BD624188A8C00593366 /* FavoriteConversions.swift */,
				CA3B2A38242D90BF00CCDD3A /* MyAlerts.swift */,
			);
			path = DAO;
			sourceTree = "<group>";
		};
		B4C4723823EC5573004834CF /* Controller */ = {
			isa = PBXGroup;
			children = (
				B4C4723C23EC6665004834CF /* APIController.swift */,
				B4C4723E23F0B3BC004834CF /* Converter.swift */,
			);
			path = Controller;
			sourceTree = "<group>";
		};
		B4C4723923EC6060004834CF /* Exceptions */ = {
			isa = PBXGroup;
			children = (
				B4C4723A23EC6077004834CF /* Exceptions.swift */,
			);
			path = Exceptions;
			sourceTree = "<group>";
		};
		C50B13F62410CFAE000FD607 /* BarGraph */ = {
			isa = PBXGroup;
			children = (
				C50B13F72410D004000FD607 /* GraphCapsule.swift */,
				C50B13F92410D0A4000FD607 /* HistoryGraph.swift */,
				C50B14022410DCB3000FD607 /* HistoryDetails.swift */,
				C50B14042410DE83000FD607 /* HistoryView.swift */,
			);
			path = BarGraph;
			sourceTree = "<group>";
		};
		C50B13FF2410D320000FD607 /* Resources */ = {
			isa = PBXGroup;
			children = (
				C50B14002410D37E000FD607 /* historyData.json */,
			);
			path = Resources;
			sourceTree = "<group>";
		};
		C519754D2404DB0100B88635 /* UserDefaultsManager */ = {
			isa = PBXGroup;
			children = (
				C51975562404E3E500B88635 /* UserRepoManager.swift */,
			);
			path = UserDefaultsManager;
			sourceTree = "<group>";
		};
		C51975502404DC8E00B88635 /* Helper */ = {
			isa = PBXGroup;
			children = (
				C53C7C4323F0E85100E0EA4F /* DatabaseManager */,
				C519754D2404DB0100B88635 /* UserDefaultsManager */,
				C5AADDD62406EB5F0077D669 /* EnvStateStore.swift */,
			);
			path = Helper;
			sourceTree = "<group>";
		};
		C51D24F423F8D3380075B342 /* Utils */ = {
			isa = PBXGroup;
			children = (
				C519754E2404DB9F00B88635 /* Logger.swift */,
				C51975512404DD3C00B88635 /* TextManager.swift */,
				C51975532404DF5B00B88635 /* Constant.swift */,
				C50B13FD2410D2BA000FD607 /* FileLoader.swift */,
			);
			path = Utils;
			sourceTree = "<group>";
		};
		C53C7C4323F0E85100E0EA4F /* DatabaseManager */ = {
			isa = PBXGroup;
			children = (
				C53C7C4423F0E8A800E0EA4F /* DatabaseManager.swift */,
			);
			path = DatabaseManager;
			sourceTree = "<group>";
		};
		C53C7C4623F12EEF00E0EA4F /* Login */ = {
			isa = PBXGroup;
			children = (
				C5AADDEA240747530077D669 /* FUIAuthBaseViewControllerWrapper.swift */,
				C5AADDE9240747530077D669 /* LoginView.swift */,
			);
			path = Login;
			sourceTree = "<group>";
		};
		C58A36A123D6C2E900DB155A = {
			isa = PBXGroup;
			children = (
				C58A36AC23D6C2E900DB155A /* Xchangerator */,
				C58A36AB23D6C2E900DB155A /* Products */,
				0D6A3C666517D25CF6CC6591 /* Pods */,
				889D629E39822106BBDF02E8 /* Frameworks */,
				B4240F102404CC7D0001EE6D /* Recovered References */,
			);
			sourceTree = "<group>";
		};
		C58A36AB23D6C2E900DB155A /* Products */ = {
			isa = PBXGroup;
			children = (
				C58A36AA23D6C2E900DB155A /* Xchangerator.app */,
			);
			name = Products;
			sourceTree = "<group>";
		};
		C58A36AC23D6C2E900DB155A /* Xchangerator */ = {
			isa = PBXGroup;
			children = (
				C50B13FF2410D320000FD607 /* Resources */,
				B4C4723923EC6060004834CF /* Exceptions */,
				B4C4723823EC5573004834CF /* Controller */,
				B4C4723523E138B6004834CF /* DAO */,
				B4C4723223E13631004834CF /* Model */,
				C59F468423E12B2800F631C3 /* Xchangerator.entitlements */,
				C58A36AD23D6C2E900DB155A /* AppDelegate.swift */,
				C58A36AF23D6C2E900DB155A /* SceneDelegate.swift */,
				C51975502404DC8E00B88635 /* Helper */,
				C51D24F423F8D3380075B342 /* Utils */,
				C59F467F23DEAB4900F631C3 /* Page */,
				C58A36B323D6C2F000DB155A /* Assets.xcassets */,
				C58A36B823D6C2F000DB155A /* LaunchScreen.storyboard */,
				C58A36BB23D6C2F000DB155A /* Info.plist */,
				C58A36B523D6C2F000DB155A /* Preview Content */,
			);
			path = Xchangerator;
			sourceTree = "<group>";
		};
		C58A36B523D6C2F000DB155A /* Preview Content */ = {
			isa = PBXGroup;
			children = (
				C58A36B623D6C2F000DB155A /* Preview Assets.xcassets */,
			);
			path = "Preview Content";
			sourceTree = "<group>";
		};
		C59F467F23DEAB4900F631C3 /* Page */ = {
			isa = PBXGroup;
			children = (
				C58A36B123D6C2E900DB155A /* ContentView.swift */,
				B4C4722D23E0B5F8004834CF /* Home */,
				C5AADDE0240702D40077D669 /* CommonUI */,
				C5AADDDB2406F75C0077D669 /* Alerts */,
				C5AADDD82406F2CB0077D669 /* Settings */,
				C53C7C4623F12EEF00E0EA4F /* Login */,
				C59F468323DEABB400F631C3 /* Favorites */,
			);
			path = Page;
			sourceTree = "<group>";
		};
		C59F468323DEABB400F631C3 /* Favorites */ = {
			isa = PBXGroup;
			children = (
				C59F468023DEAB6E00F631C3 /* FavoriteView.swift */,
			);
			path = Favorites;
			sourceTree = "<group>";
		};
		C5AADDD82406F2CB0077D669 /* Settings */ = {
			isa = PBXGroup;
			children = (
				C5AADDD92406F7400077D669 /* Settings.swift */,
				CAB49F66240DACD4008ED8C6 /* SettingsMain.swift */,
				CAB49F6B240DDA0D008ED8C6 /* AboutView.swift */,
				CAB49F6D240DDA2C008ED8C6 /* NotificationView.swift */,
			);
			path = Settings;
			sourceTree = "<group>";
		};
		C5AADDDB2406F75C0077D669 /* Alerts */ = {
			isa = PBXGroup;
			children = (
				C5AADDDC2406F7730077D669 /* AlertsView.swift */,
				CA2AEEC6243960650083A368 /* CountryPickerView.swift */,
			);
			path = Alerts;
			sourceTree = "<group>";
		};
		C5AADDE0240702D40077D669 /* CommonUI */ = {
			isa = PBXGroup;
			children = (
				C50B13F62410CFAE000FD607 /* BarGraph */,
				C5FF8F45240E13B600C402E6 /* CardView.swift */,
				C5FF8F47240EBB1300C402E6 /* AlertCardView.swift */,
				C5FF8F49240EE1FC00C402E6 /* EditableCardView.swift */,
			);
			path = CommonUI;
			sourceTree = "<group>";
		};
/* End PBXGroup section */

/* Begin PBXNativeTarget section */
		C58A36A923D6C2E900DB155A /* Xchangerator */ = {
			isa = PBXNativeTarget;
			buildConfigurationList = C58A36C923D6C2F100DB155A /* Build configuration list for PBXNativeTarget "Xchangerator" */;
			buildPhases = (
				3294E30E8E96E3E3A1570667 /* [CP] Check Pods Manifest.lock */,
				EB1CE704243B16A6004869EA /* ShellScript */,
				C58A36A623D6C2E900DB155A /* Sources */,
				C58A36A723D6C2E900DB155A /* Frameworks */,
				C58A36A823D6C2E900DB155A /* Resources */,
				499C5977A22C431481511EE9 /* [CP] Embed Pods Frameworks */,
				07CD746C5737B6DF0F50E50A /* [CP] Copy Pods Resources */,
			);
			buildRules = (
			);
			dependencies = (
			);
			name = Xchangerator;
			packageProductDependencies = (
				CA05BDAD23F0CF6C000E6A39 /* PartialSheet */,
				CAB49F69240DC34A008ED8C6 /* URLImage */,
			);
			productName = Xchangerator;
			productReference = C58A36AA23D6C2E900DB155A /* Xchangerator.app */;
			productType = "com.apple.product-type.application";
		};
/* End PBXNativeTarget section */

/* Begin PBXProject section */
		C58A36A223D6C2E900DB155A /* Project object */ = {
			isa = PBXProject;
			attributes = {
				LastSwiftUpdateCheck = 1130;
				LastUpgradeCheck = 1130;
				ORGANIZATIONNAME = YYES;
				TargetAttributes = {
					C58A36A923D6C2E900DB155A = {
						CreatedOnToolsVersion = 11.3.1;
					};
				};
			};
			buildConfigurationList = C58A36A523D6C2E900DB155A /* Build configuration list for PBXProject "Xchangerator" */;
			compatibilityVersion = "Xcode 9.3";
			developmentRegion = en;
			hasScannedForEncodings = 0;
			knownRegions = (
				en,
				Base,
			);
			mainGroup = C58A36A123D6C2E900DB155A;
			packageReferences = (
				CA05BDAC23F0CF6C000E6A39 /* XCRemoteSwiftPackageReference "PartialSheet" */,
				CAB49F68240DC34A008ED8C6 /* XCRemoteSwiftPackageReference "url-image" */,
			);
			productRefGroup = C58A36AB23D6C2E900DB155A /* Products */;
			projectDirPath = "";
			projectRoot = "";
			targets = (
				C58A36A923D6C2E900DB155A /* Xchangerator */,
			);
		};
/* End PBXProject section */

/* Begin PBXResourcesBuildPhase section */
		C58A36A823D6C2E900DB155A /* Resources */ = {
			isa = PBXResourcesBuildPhase;
			buildActionMask = 2147483647;
			files = (
				C58A36BA23D6C2F000DB155A /* LaunchScreen.storyboard in Resources */,
				C59F468823E13BC600F631C3 /* GoogleService-Info.plist in Resources */,
				C5D3D4F3240B651300AAF402 /* DatabaseManager.swift in Resources */,
				C58A36B723D6C2F000DB155A /* Preview Assets.xcassets in Resources */,
				C50B14012410D37E000FD607 /* historyData.json in Resources */,
				C58A36B423D6C2F000DB155A /* Assets.xcassets in Resources */,
			);
			runOnlyForDeploymentPostprocessing = 0;
		};
/* End PBXResourcesBuildPhase section */

/* Begin PBXShellScriptBuildPhase section */
		07CD746C5737B6DF0F50E50A /* [CP] Copy Pods Resources */ = {
			isa = PBXShellScriptBuildPhase;
			buildActionMask = 2147483647;
			files = (
			);
			inputFileListPaths = (
				"${PODS_ROOT}/Target Support Files/Pods-Xchangerator/Pods-Xchangerator-resources-${CONFIGURATION}-input-files.xcfilelist",
			);
			name = "[CP] Copy Pods Resources";
			outputFileListPaths = (
				"${PODS_ROOT}/Target Support Files/Pods-Xchangerator/Pods-Xchangerator-resources-${CONFIGURATION}-output-files.xcfilelist",
			);
			runOnlyForDeploymentPostprocessing = 0;
			shellPath = /bin/sh;
			shellScript = "\"${PODS_ROOT}/Target Support Files/Pods-Xchangerator/Pods-Xchangerator-resources.sh\"\n";
			showEnvVarsInLog = 0;
		};
		3294E30E8E96E3E3A1570667 /* [CP] Check Pods Manifest.lock */ = {
			isa = PBXShellScriptBuildPhase;
			buildActionMask = 2147483647;
			files = (
			);
			inputFileListPaths = (
			);
			inputPaths = (
				"${PODS_PODFILE_DIR_PATH}/Podfile.lock",
				"${PODS_ROOT}/Manifest.lock",
			);
			name = "[CP] Check Pods Manifest.lock";
			outputFileListPaths = (
			);
			outputPaths = (
				"$(DERIVED_FILE_DIR)/Pods-Xchangerator-checkManifestLockResult.txt",
			);
			runOnlyForDeploymentPostprocessing = 0;
			shellPath = /bin/sh;
			shellScript = "diff \"${PODS_PODFILE_DIR_PATH}/Podfile.lock\" \"${PODS_ROOT}/Manifest.lock\" > /dev/null\nif [ $? != 0 ] ; then\n    # print error to STDERR\n    echo \"error: The sandbox is not in sync with the Podfile.lock. Run 'pod install' or update your CocoaPods installation.\" >&2\n    exit 1\nfi\n# This output is used by Xcode 'outputs' to avoid re-running this script phase.\necho \"SUCCESS\" > \"${SCRIPT_OUTPUT_FILE_0}\"\n";
			showEnvVarsInLog = 0;
		};
		499C5977A22C431481511EE9 /* [CP] Embed Pods Frameworks */ = {
			isa = PBXShellScriptBuildPhase;
			buildActionMask = 2147483647;
			files = (
			);
			inputFileListPaths = (
				"${PODS_ROOT}/Target Support Files/Pods-Xchangerator/Pods-Xchangerator-frameworks-${CONFIGURATION}-input-files.xcfilelist",
			);
			name = "[CP] Embed Pods Frameworks";
			outputFileListPaths = (
				"${PODS_ROOT}/Target Support Files/Pods-Xchangerator/Pods-Xchangerator-frameworks-${CONFIGURATION}-output-files.xcfilelist",
			);
			runOnlyForDeploymentPostprocessing = 0;
			shellPath = /bin/sh;
			shellScript = "\"${PODS_ROOT}/Target Support Files/Pods-Xchangerator/Pods-Xchangerator-frameworks.sh\"\n";
			showEnvVarsInLog = 0;
		};
		EB1CE704243B16A6004869EA /* ShellScript */ = {
			isa = PBXShellScriptBuildPhase;
			buildActionMask = 2147483647;
			files = (
			);
			inputFileListPaths = (
			);
			inputPaths = (
			);
			outputFileListPaths = (
			);
			outputPaths = (
			);
			runOnlyForDeploymentPostprocessing = 0;
			shellPath = /bin/sh;
			shellScript = "cd BuildTools\nSDKROOT=macosx\n#swift package update #Uncomment this line temporarily to update the version used to the latest matching your BuildTools/Package.swift file\nswift run -c release swiftformat \"$SRCROOT\"\n";
		};
/* End PBXShellScriptBuildPhase section */

/* Begin PBXSourcesBuildPhase section */
		C58A36A623D6C2E900DB155A /* Sources */ = {
			isa = PBXSourcesBuildPhase;
			buildActionMask = 2147483647;
			files = (
				B4240F122404D3D60001EE6D /* CountryList.swift in Sources */,
				B4C4723423E13642004834CF /* Country.swift in Sources */,
				C5FF8F4A240EE1FC00C402E6 /* EditableCardView.swift in Sources */,
				CAB49F6C240DDA0D008ED8C6 /* AboutView.swift in Sources */,
				C58A36AE23D6C2E900DB155A /* AppDelegate.swift in Sources */,
				CA3B2A3B242D90D600CCDD3A /* MyAlert.swift in Sources */,
				C50B13FE2410D2BA000FD607 /* FileLoader.swift in Sources */,
				C5AADDDA2406F7400077D669 /* Settings.swift in Sources */,
				C5AADDEC240747530077D669 /* FUIAuthBaseViewControllerWrapper.swift in Sources */,
				C58A36B023D6C2E900DB155A /* SceneDelegate.swift in Sources */,
				C53C7C4523F0E8A900E0EA4F /* DatabaseManager.swift in Sources */,
				C50B13FA2410D0A4000FD607 /* HistoryGraph.swift in Sources */,
				CA3B2A39242D90BF00CCDD3A /* MyAlerts.swift in Sources */,
				C5FF8F46240E13B600C402E6 /* CardView.swift in Sources */,
				B4E40BD724188A8C00593366 /* FavoriteConversions.swift in Sources */,
				CA2AEEC7243960650083A368 /* CountryPickerView.swift in Sources */,
				C59F468123DEAB6E00F631C3 /* FavoriteView.swift in Sources */,
				B4C4723F23F0B3BC004834CF /* Converter.swift in Sources */,
				B4C4722F23E0B60F004834CF /* HomeView.swift in Sources */,
				B4C4723B23EC6077004834CF /* Exceptions.swift in Sources */,
				B4E40BD52418880800593366 /* FavoriteConversion.swift in Sources */,
				B4C4723723E138C1004834CF /* Countries.swift in Sources */,
				C50B13FC2410D0EA000FD607 /* History.swift in Sources */,
				C58A36B223D6C2E900DB155A /* ContentView.swift in Sources */,
				B4C4723D23EC6665004834CF /* APIController.swift in Sources */,
				C50B13F82410D004000FD607 /* GraphCapsule.swift in Sources */,
				C50B14032410DCB3000FD607 /* HistoryDetails.swift in Sources */,
				C51975572404E3E500B88635 /* UserRepoManager.swift in Sources */,
				C51975542404DF5B00B88635 /* Constant.swift in Sources */,
				C5AADDD72406EB5F0077D669 /* EnvStateStore.swift in Sources */,
				C5AADDEB240747530077D669 /* LoginView.swift in Sources */,
				C519754F2404DB9F00B88635 /* Logger.swift in Sources */,
				C5AADDE624071B650077D669 /* UserProfile.swift in Sources */,
				C50B14052410DE83000FD607 /* HistoryView.swift in Sources */,
				C5AADDDD2406F7730077D669 /* AlertsView.swift in Sources */,
				C5FF8F48240EBB1400C402E6 /* AlertCardView.swift in Sources */,
				C51975522404DD3C00B88635 /* TextManager.swift in Sources */,
				CAB49F67240DACD4008ED8C6 /* SettingsMain.swift in Sources */,
				CAB49F6E240DDA2C008ED8C6 /* NotificationView.swift in Sources */,
			);
			runOnlyForDeploymentPostprocessing = 0;
		};
/* End PBXSourcesBuildPhase section */

/* Begin PBXVariantGroup section */
		C58A36B823D6C2F000DB155A /* LaunchScreen.storyboard */ = {
			isa = PBXVariantGroup;
			children = (
				C58A36B923D6C2F000DB155A /* Base */,
			);
			name = LaunchScreen.storyboard;
			sourceTree = "<group>";
		};
/* End PBXVariantGroup section */

/* Begin XCBuildConfiguration section */
		C58A36C723D6C2F100DB155A /* Debug */ = {
			isa = XCBuildConfiguration;
			buildSettings = {
				ALWAYS_SEARCH_USER_PATHS = NO;
				CLANG_ANALYZER_NONNULL = YES;
				CLANG_ANALYZER_NUMBER_OBJECT_CONVERSION = YES_AGGRESSIVE;
				CLANG_CXX_LANGUAGE_STANDARD = "gnu++14";
				CLANG_CXX_LIBRARY = "libc++";
				CLANG_ENABLE_MODULES = YES;
				CLANG_ENABLE_OBJC_ARC = YES;
				CLANG_ENABLE_OBJC_WEAK = YES;
				CLANG_WARN_BLOCK_CAPTURE_AUTORELEASING = YES;
				CLANG_WARN_BOOL_CONVERSION = YES;
				CLANG_WARN_COMMA = YES;
				CLANG_WARN_CONSTANT_CONVERSION = YES;
				CLANG_WARN_DEPRECATED_OBJC_IMPLEMENTATIONS = YES;
				CLANG_WARN_DIRECT_OBJC_ISA_USAGE = YES_ERROR;
				CLANG_WARN_DOCUMENTATION_COMMENTS = YES;
				CLANG_WARN_EMPTY_BODY = YES;
				CLANG_WARN_ENUM_CONVERSION = YES;
				CLANG_WARN_INFINITE_RECURSION = YES;
				CLANG_WARN_INT_CONVERSION = YES;
				CLANG_WARN_NON_LITERAL_NULL_CONVERSION = YES;
				CLANG_WARN_OBJC_IMPLICIT_RETAIN_SELF = YES;
				CLANG_WARN_OBJC_LITERAL_CONVERSION = YES;
				CLANG_WARN_OBJC_ROOT_CLASS = YES_ERROR;
				CLANG_WARN_RANGE_LOOP_ANALYSIS = YES;
				CLANG_WARN_STRICT_PROTOTYPES = YES;
				CLANG_WARN_SUSPICIOUS_MOVE = YES;
				CLANG_WARN_UNGUARDED_AVAILABILITY = YES_AGGRESSIVE;
				CLANG_WARN_UNREACHABLE_CODE = YES;
				CLANG_WARN__DUPLICATE_METHOD_MATCH = YES;
				COPY_PHASE_STRIP = NO;
				DEBUG_INFORMATION_FORMAT = dwarf;
				ENABLE_STRICT_OBJC_MSGSEND = YES;
				ENABLE_TESTABILITY = YES;
				GCC_C_LANGUAGE_STANDARD = gnu11;
				GCC_DYNAMIC_NO_PIC = NO;
				GCC_NO_COMMON_BLOCKS = YES;
				GCC_OPTIMIZATION_LEVEL = 0;
				GCC_PREPROCESSOR_DEFINITIONS = (
					"DEBUG=1",
					"$(inherited)",
				);
				GCC_WARN_64_TO_32_BIT_CONVERSION = YES;
				GCC_WARN_ABOUT_RETURN_TYPE = YES_ERROR;
				GCC_WARN_UNDECLARED_SELECTOR = YES;
				GCC_WARN_UNINITIALIZED_AUTOS = YES_AGGRESSIVE;
				GCC_WARN_UNUSED_FUNCTION = YES;
				GCC_WARN_UNUSED_VARIABLE = YES;
				IPHONEOS_DEPLOYMENT_TARGET = 13.2;
				MTL_ENABLE_DEBUG_INFO = INCLUDE_SOURCE;
				MTL_FAST_MATH = YES;
				ONLY_ACTIVE_ARCH = YES;
				SDKROOT = iphoneos;
				SWIFT_ACTIVE_COMPILATION_CONDITIONS = DEBUG;
				SWIFT_OPTIMIZATION_LEVEL = "-Onone";
			};
			name = Debug;
		};
		C58A36C823D6C2F100DB155A /* Release */ = {
			isa = XCBuildConfiguration;
			buildSettings = {
				ALWAYS_SEARCH_USER_PATHS = NO;
				CLANG_ANALYZER_NONNULL = YES;
				CLANG_ANALYZER_NUMBER_OBJECT_CONVERSION = YES_AGGRESSIVE;
				CLANG_CXX_LANGUAGE_STANDARD = "gnu++14";
				CLANG_CXX_LIBRARY = "libc++";
				CLANG_ENABLE_MODULES = YES;
				CLANG_ENABLE_OBJC_ARC = YES;
				CLANG_ENABLE_OBJC_WEAK = YES;
				CLANG_WARN_BLOCK_CAPTURE_AUTORELEASING = YES;
				CLANG_WARN_BOOL_CONVERSION = YES;
				CLANG_WARN_COMMA = YES;
				CLANG_WARN_CONSTANT_CONVERSION = YES;
				CLANG_WARN_DEPRECATED_OBJC_IMPLEMENTATIONS = YES;
				CLANG_WARN_DIRECT_OBJC_ISA_USAGE = YES_ERROR;
				CLANG_WARN_DOCUMENTATION_COMMENTS = YES;
				CLANG_WARN_EMPTY_BODY = YES;
				CLANG_WARN_ENUM_CONVERSION = YES;
				CLANG_WARN_INFINITE_RECURSION = YES;
				CLANG_WARN_INT_CONVERSION = YES;
				CLANG_WARN_NON_LITERAL_NULL_CONVERSION = YES;
				CLANG_WARN_OBJC_IMPLICIT_RETAIN_SELF = YES;
				CLANG_WARN_OBJC_LITERAL_CONVERSION = YES;
				CLANG_WARN_OBJC_ROOT_CLASS = YES_ERROR;
				CLANG_WARN_RANGE_LOOP_ANALYSIS = YES;
				CLANG_WARN_STRICT_PROTOTYPES = YES;
				CLANG_WARN_SUSPICIOUS_MOVE = YES;
				CLANG_WARN_UNGUARDED_AVAILABILITY = YES_AGGRESSIVE;
				CLANG_WARN_UNREACHABLE_CODE = YES;
				CLANG_WARN__DUPLICATE_METHOD_MATCH = YES;
				COPY_PHASE_STRIP = NO;
				DEBUG_INFORMATION_FORMAT = "dwarf-with-dsym";
				ENABLE_NS_ASSERTIONS = NO;
				ENABLE_STRICT_OBJC_MSGSEND = YES;
				GCC_C_LANGUAGE_STANDARD = gnu11;
				GCC_NO_COMMON_BLOCKS = YES;
				GCC_WARN_64_TO_32_BIT_CONVERSION = YES;
				GCC_WARN_ABOUT_RETURN_TYPE = YES_ERROR;
				GCC_WARN_UNDECLARED_SELECTOR = YES;
				GCC_WARN_UNINITIALIZED_AUTOS = YES_AGGRESSIVE;
				GCC_WARN_UNUSED_FUNCTION = YES;
				GCC_WARN_UNUSED_VARIABLE = YES;
				IPHONEOS_DEPLOYMENT_TARGET = 13.2;
				MTL_ENABLE_DEBUG_INFO = NO;
				MTL_FAST_MATH = YES;
				SDKROOT = iphoneos;
				SWIFT_COMPILATION_MODE = wholemodule;
				SWIFT_OPTIMIZATION_LEVEL = "-O";
				VALIDATE_PRODUCT = YES;
			};
			name = Release;
		};
		C58A36CA23D6C2F100DB155A /* Debug */ = {
			isa = XCBuildConfiguration;
			baseConfigurationReference = 05B2BEA67E05BE57FB4BE955 /* Pods-Xchangerator.debug.xcconfig */;
			buildSettings = {
				ASSETCATALOG_COMPILER_APPICON_NAME = AppIcon;
				CODE_SIGN_ENTITLEMENTS = Xchangerator/Xchangerator.entitlements;
				CODE_SIGN_IDENTITY = "iPhone Developer";
				CODE_SIGN_STYLE = Manual;
				CURRENT_PROJECT_VERSION = 4;
				DEVELOPMENT_ASSET_PATHS = "\"Xchangerator/Preview Content\"";
				DEVELOPMENT_TEAM = DZ729KZRG3;
				ENABLE_PREVIEWS = YES;
				INFOPLIST_FILE = Xchangerator/Info.plist;
				IPHONEOS_DEPLOYMENT_TARGET = 13.0;
				LD_RUNPATH_SEARCH_PATHS = (
					"$(inherited)",
					"@executable_path/Frameworks",
				);
				PRODUCT_BUNDLE_IDENTIFIER = com.YYES.Xchangerator;
				PRODUCT_NAME = "$(TARGET_NAME)";
				PROVISIONING_PROFILE_SPECIFIER = XchangeratorProfile;
				SWIFT_VERSION = 5.0;
				TARGETED_DEVICE_FAMILY = 1;
			};
			name = Debug;
		};
		C58A36CB23D6C2F100DB155A /* Release */ = {
			isa = XCBuildConfiguration;
			baseConfigurationReference = 8ED0E1C46C872EACAF9C68D6 /* Pods-Xchangerator.release.xcconfig */;
			buildSettings = {
				ASSETCATALOG_COMPILER_APPICON_NAME = AppIcon;
				CODE_SIGN_ENTITLEMENTS = Xchangerator/Xchangerator.entitlements;
				CODE_SIGN_IDENTITY = "iPhone Developer";
				CODE_SIGN_STYLE = Manual;
				CURRENT_PROJECT_VERSION = 4;
				DEVELOPMENT_ASSET_PATHS = "\"Xchangerator/Preview Content\"";
				DEVELOPMENT_TEAM = DZ729KZRG3;
				ENABLE_PREVIEWS = YES;
				INFOPLIST_FILE = Xchangerator/Info.plist;
				IPHONEOS_DEPLOYMENT_TARGET = 13.0;
				LD_RUNPATH_SEARCH_PATHS = (
					"$(inherited)",
					"@executable_path/Frameworks",
				);
				PRODUCT_BUNDLE_IDENTIFIER = com.YYES.Xchangerator;
				PRODUCT_NAME = "$(TARGET_NAME)";
				PROVISIONING_PROFILE_SPECIFIER = XchangeratorProfile;
				SWIFT_VERSION = 5.0;
				TARGETED_DEVICE_FAMILY = 1;
			};
			name = Release;
		};
/* End XCBuildConfiguration section */

/* Begin XCConfigurationList section */
		C58A36A523D6C2E900DB155A /* Build configuration list for PBXProject "Xchangerator" */ = {
			isa = XCConfigurationList;
			buildConfigurations = (
				C58A36C723D6C2F100DB155A /* Debug */,
				C58A36C823D6C2F100DB155A /* Release */,
			);
			defaultConfigurationIsVisible = 0;
			defaultConfigurationName = Release;
		};
		C58A36C923D6C2F100DB155A /* Build configuration list for PBXNativeTarget "Xchangerator" */ = {
			isa = XCConfigurationList;
			buildConfigurations = (
				C58A36CA23D6C2F100DB155A /* Debug */,
				C58A36CB23D6C2F100DB155A /* Release */,
			);
			defaultConfigurationIsVisible = 0;
			defaultConfigurationName = Release;
		};
/* End XCConfigurationList section */

/* Begin XCRemoteSwiftPackageReference section */
		CA05BDAC23F0CF6C000E6A39 /* XCRemoteSwiftPackageReference "PartialSheet" */ = {
			isa = XCRemoteSwiftPackageReference;
			repositoryURL = "https://github.com/AndreaMiotto/PartialSheet.git";
			requirement = {
				kind = upToNextMajorVersion;
				minimumVersion = 0.1.0;
			};
		};
		CAB49F68240DC34A008ED8C6 /* XCRemoteSwiftPackageReference "url-image" */ = {
			isa = XCRemoteSwiftPackageReference;
			repositoryURL = "https://github.com/dmytro-anokhin/url-image.git";
			requirement = {
				kind = upToNextMajorVersion;
				minimumVersion = 0.9.10;
			};
		};
/* End XCRemoteSwiftPackageReference section */

/* Begin XCSwiftPackageProductDependency section */
		CA05BDAD23F0CF6C000E6A39 /* PartialSheet */ = {
			isa = XCSwiftPackageProductDependency;
			package = CA05BDAC23F0CF6C000E6A39 /* XCRemoteSwiftPackageReference "PartialSheet" */;
			productName = PartialSheet;
		};
		CAB49F69240DC34A008ED8C6 /* URLImage */ = {
			isa = XCSwiftPackageProductDependency;
			package = CAB49F68240DC34A008ED8C6 /* XCRemoteSwiftPackageReference "url-image" */;
			productName = URLImage;
		};
/* End XCSwiftPackageProductDependency section */
	};
	rootObject = C58A36A223D6C2E900DB155A /* Project object */;
}
