{
  "object": {
    "pins": [
      {
        "package": "PartialSheet",
        "repositoryURL": "https://github.com/AndreaMiotto/PartialSheet.git",
        "state": {
          "branch": null,
          "revision": "cda3be6f769ec89c48b17317a598ef186c95ca5c",
          "version": "0.1.0"
        }
      }
    ]
  },
  "version": 1
}
